// !$*UTF8*$!
{
	archiveVersion = 1;
	classes = {
	};
	objectVersion = 56;
	objects = {

/* Begin PBXBuildFile section */
		C70E97012BCEE54900563D8B /* TrySpeedTestApp.swift in Sources */ = {isa = PBXBuildFile; fileRef = C70E97002BCEE54900563D8B /* TrySpeedTestApp.swift */; };
		C70E97032BCEE54900563D8B /* ContentView.swift in Sources */ = {isa = PBXBuildFile; fileRef = C70E97022BCEE54900563D8B /* ContentView.swift */; };
		C70E97052BCEE54D00563D8B /* Assets.xcassets in Resources */ = {isa = PBXBuildFile; fileRef = C70E97042BCEE54D00563D8B /* Assets.xcassets */; };
		C70E97082BCEE54D00563D8B /* Preview Assets.xcassets in Resources */ = {isa = PBXBuildFile; fileRef = C70E97072BCEE54D00563D8B /* Preview Assets.xcassets */; };
		C70E97142BCEF2D600563D8B /* SettingsView.swift in Sources */ = {isa = PBXBuildFile; fileRef = C70E97132BCEF2D600563D8B /* SettingsView.swift */; };
		C70E97192BCEF6DE00563D8B /* MainScreenView.swift in Sources */ = {isa = PBXBuildFile; fileRef = C70E97182BCEF6DE00563D8B /* MainScreenView.swift */; };
		C70E971B2BCEF99100563D8B /* AppView.swift in Sources */ = {isa = PBXBuildFile; fileRef = C70E971A2BCEF99100563D8B /* AppView.swift */; };
		C763B4C72BCFF8940056F624 /* Alamofire in Frameworks */ = {isa = PBXBuildFile; productRef = C763B4C62BCFF8940056F624 /* Alamofire */; };
		C763B4C92BCFF8940056F624 /* AlamofireDynamic in Frameworks */ = {isa = PBXBuildFile; productRef = C763B4C82BCFF8940056F624 /* AlamofireDynamic */; };
		C763B4CB2BCFF96B0056F624 /* NetworkManager.swift in Sources */ = {isa = PBXBuildFile; fileRef = C763B4CA2BCFF96B0056F624 /* NetworkManager.swift */; };
		C763B4CD2BCFFA240056F624 /* MainScreenModel.swift in Sources */ = {isa = PBXBuildFile; fileRef = C763B4CC2BCFFA240056F624 /* MainScreenModel.swift */; };
		C763B4CF2BCFFA7D0056F624 /* MainScreenViewModel.swift in Sources */ = {isa = PBXBuildFile; fileRef = C763B4CE2BCFFA7D0056F624 /* MainScreenViewModel.swift */; };
		C76AD3D82BD1B2C7001A0059 /* SettingsViewModel.swift in Sources */ = {isa = PBXBuildFile; fileRef = C76AD3D72BD1B2C7001A0059 /* SettingsViewModel.swift */; };
		C7E6911B2BD25E8600463276 /* DataManager.swift in Sources */ = {isa = PBXBuildFile; fileRef = C7E6911A2BD25E8600463276 /* DataManager.swift */; };
		C7E691222BD28AA400463276 /* TrySpeedTestDataModel.xcdatamodeld in Sources */ = {isa = PBXBuildFile; fileRef = C7E691202BD28AA400463276 /* TrySpeedTestDataModel.xcdatamodeld */; };
		C7E691282BD5CF4200463276 /* ThemeEnum.swift in Sources */ = {isa = PBXBuildFile; fileRef = C7E691272BD5CF4200463276 /* ThemeEnum.swift */; };
/* End PBXBuildFile section */

/* Begin PBXFileReference section */
		C70E96FD2BCEE54900563D8B /* TrySpeedTest.app */ = {isa = PBXFileReference; explicitFileType = wrapper.application; includeInIndex = 0; path = TrySpeedTest.app; sourceTree = BUILT_PRODUCTS_DIR; };
		C70E97002BCEE54900563D8B /* TrySpeedTestApp.swift */ = {isa = PBXFileReference; lastKnownFileType = sourcecode.swift; path = TrySpeedTestApp.swift; sourceTree = "<group>"; };
		C70E97022BCEE54900563D8B /* ContentView.swift */ = {isa = PBXFileReference; lastKnownFileType = sourcecode.swift; path = ContentView.swift; sourceTree = "<group>"; };
		C70E97042BCEE54D00563D8B /* Assets.xcassets */ = {isa = PBXFileReference; lastKnownFileType = folder.assetcatalog; path = Assets.xcassets; sourceTree = "<group>"; };
		C70E97072BCEE54D00563D8B /* Preview Assets.xcassets */ = {isa = PBXFileReference; lastKnownFileType = folder.assetcatalog; path = "Preview Assets.xcassets"; sourceTree = "<group>"; };
		C70E97132BCEF2D600563D8B /* SettingsView.swift */ = {isa = PBXFileReference; lastKnownFileType = sourcecode.swift; path = SettingsView.swift; sourceTree = "<group>"; };
		C70E97182BCEF6DE00563D8B /* MainScreenView.swift */ = {isa = PBXFileReference; lastKnownFileType = sourcecode.swift; path = MainScreenView.swift; sourceTree = "<group>"; };
		C70E971A2BCEF99100563D8B /* AppView.swift */ = {isa = PBXFileReference; lastKnownFileType = sourcecode.swift; path = AppView.swift; sourceTree = "<group>"; };
		C763B4CA2BCFF96B0056F624 /* NetworkManager.swift */ = {isa = PBXFileReference; lastKnownFileType = sourcecode.swift; path = NetworkManager.swift; sourceTree = "<group>"; };
		C763B4CC2BCFFA240056F624 /* MainScreenModel.swift */ = {isa = PBXFileReference; lastKnownFileType = sourcecode.swift; path = MainScreenModel.swift; sourceTree = "<group>"; };
		C763B4CE2BCFFA7D0056F624 /* MainScreenViewModel.swift */ = {isa = PBXFileReference; lastKnownFileType = sourcecode.swift; path = MainScreenViewModel.swift; sourceTree = "<group>"; };
		C76AD3D72BD1B2C7001A0059 /* SettingsViewModel.swift */ = {isa = PBXFileReference; lastKnownFileType = sourcecode.swift; path = SettingsViewModel.swift; sourceTree = "<group>"; };
		C7E6911A2BD25E8600463276 /* DataManager.swift */ = {isa = PBXFileReference; lastKnownFileType = sourcecode.swift; path = DataManager.swift; sourceTree = "<group>"; };
		C7E691212BD28AA400463276 /* TrySpeedTestDataModel.xcdatamodel */ = {isa = PBXFileReference; lastKnownFileType = wrapper.xcdatamodel; path = TrySpeedTestDataModel.xcdatamodel; sourceTree = "<group>"; };
		C7E691272BD5CF4200463276 /* ThemeEnum.swift */ = {isa = PBXFileReference; lastKnownFileType = sourcecode.swift; path = ThemeEnum.swift; sourceTree = "<group>"; };
/* End PBXFileReference section */

/* Begin PBXFrameworksBuildPhase section */
		C70E96FA2BCEE54900563D8B /* Frameworks */ = {
			isa = PBXFrameworksBuildPhase;
			buildActionMask = 2147483647;
			files = (
				C763B4C72BCFF8940056F624 /* Alamofire in Frameworks */,
				C763B4C92BCFF8940056F624 /* AlamofireDynamic in Frameworks */,
			);
			runOnlyForDeploymentPostprocessing = 0;
		};
/* End PBXFrameworksBuildPhase section */

/* Begin PBXGroup section */
		C70E96F42BCEE54900563D8B = {
			isa = PBXGroup;
			children = (
				C70E96FF2BCEE54900563D8B /* TrySpeedTest */,
				C70E96FE2BCEE54900563D8B /* Products */,
			);
			sourceTree = "<group>";
		};
		C70E96FE2BCEE54900563D8B /* Products */ = {
			isa = PBXGroup;
			children = (
				C70E96FD2BCEE54900563D8B /* TrySpeedTest.app */,
			);
			name = Products;
			sourceTree = "<group>";
		};
		C70E96FF2BCEE54900563D8B /* TrySpeedTest */ = {
			isa = PBXGroup;
			children = (
				C763B4CA2BCFF96B0056F624 /* NetworkManager.swift */,
				C70E97172BCEF52500563D8B /* Data */,
				C70E97162BCEF50300563D8B /* SettingsScreen */,
				C70E97152BCEF4F500563D8B /* MainScreen */,
				C70E97002BCEE54900563D8B /* TrySpeedTestApp.swift */,
				C70E97042BCEE54D00563D8B /* Assets.xcassets */,
				C70E97062BCEE54D00563D8B /* Preview Content */,
			);
			path = TrySpeedTest;
			sourceTree = "<group>";
		};
		C70E97062BCEE54D00563D8B /* Preview Content */ = {
			isa = PBXGroup;
			children = (
				C70E97072BCEE54D00563D8B /* Preview Assets.xcassets */,
			);
			path = "Preview Content";
			sourceTree = "<group>";
		};
		C70E97152BCEF4F500563D8B /* MainScreen */ = {
			isa = PBXGroup;
			children = (
				C70E97022BCEE54900563D8B /* ContentView.swift */,
				C70E971A2BCEF99100563D8B /* AppView.swift */,
				C70E97182BCEF6DE00563D8B /* MainScreenView.swift */,
				C763B4CC2BCFFA240056F624 /* MainScreenModel.swift */,
				C763B4CE2BCFFA7D0056F624 /* MainScreenViewModel.swift */,
			);
			path = MainScreen;
			sourceTree = "<group>";
		};
		C70E97162BCEF50300563D8B /* SettingsScreen */ = {
			isa = PBXGroup;
			children = (
				C70E97132BCEF2D600563D8B /* SettingsView.swift */,
				C76AD3D72BD1B2C7001A0059 /* SettingsViewModel.swift */,
				C7E691272BD5CF4200463276 /* ThemeEnum.swift */,
			);
			path = SettingsScreen;
			sourceTree = "<group>";
		};
		C70E97172BCEF52500563D8B /* Data */ = {
			isa = PBXGroup;
			children = (
				C7E6911A2BD25E8600463276 /* DataManager.swift */,
				C7E691202BD28AA400463276 /* TrySpeedTestDataModel.xcdatamodeld */,
			);
			path = Data;
			sourceTree = "<group>";
		};
/* End PBXGroup section */

/* Begin PBXNativeTarget section */
		C70E96FC2BCEE54900563D8B /* TrySpeedTest */ = {
			isa = PBXNativeTarget;
			buildConfigurationList = C70E97102BCEE54D00563D8B /* Build configuration list for PBXNativeTarget "TrySpeedTest" */;
			buildPhases = (
				C70E96F92BCEE54900563D8B /* Sources */,
				C70E96FA2BCEE54900563D8B /* Frameworks */,
				C70E96FB2BCEE54900563D8B /* Resources */,
			);
			buildRules = (
			);
			dependencies = (
			);
			name = TrySpeedTest;
			packageProductDependencies = (
				C763B4C62BCFF8940056F624 /* Alamofire */,
				C763B4C82BCFF8940056F624 /* AlamofireDynamic */,
			);
			productName = TrySpeedTest;
			productReference = C70E96FD2BCEE54900563D8B /* TrySpeedTest.app */;
			productType = "com.apple.product-type.application";
		};
/* End PBXNativeTarget section */

/* Begin PBXProject section */
		C70E96F52BCEE54900563D8B /* Project object */ = {
			isa = PBXProject;
			attributes = {
				BuildIndependentTargetsInParallel = 1;
				LastSwiftUpdateCheck = 1500;
				LastUpgradeCheck = 1500;
				TargetAttributes = {
					C70E96FC2BCEE54900563D8B = {
						CreatedOnToolsVersion = 15.0;
					};
				};
			};
			buildConfigurationList = C70E96F82BCEE54900563D8B /* Build configuration list for PBXProject "TrySpeedTest" */;
			compatibilityVersion = "Xcode 14.0";
			developmentRegion = en;
			hasScannedForEncodings = 0;
			knownRegions = (
				en,
				Base,
			);
			mainGroup = C70E96F42BCEE54900563D8B;
			packageReferences = (
				C763B4C52BCFF8940056F624 /* XCRemoteSwiftPackageReference "Alamofire" */,
			);
			productRefGroup = C70E96FE2BCEE54900563D8B /* Products */;
			projectDirPath = "";
			projectRoot = "";
			targets = (
				C70E96FC2BCEE54900563D8B /* TrySpeedTest */,
			);
		};
/* End PBXProject section */

/* Begin PBXResourcesBuildPhase section */
		C70E96FB2BCEE54900563D8B /* Resources */ = {
			isa = PBXResourcesBuildPhase;
			buildActionMask = 2147483647;
			files = (
				C70E97082BCEE54D00563D8B /* Preview Assets.xcassets in Resources */,
				C70E97052BCEE54D00563D8B /* Assets.xcassets in Resources */,
			);
			runOnlyForDeploymentPostprocessing = 0;
		};
/* End PBXResourcesBuildPhase section */

/* Begin PBXSourcesBuildPhase section */
		C70E96F92BCEE54900563D8B /* Sources */ = {
			isa = PBXSourcesBuildPhase;
			buildActionMask = 2147483647;
			files = (
				C763B4CB2BCFF96B0056F624 /* NetworkManager.swift in Sources */,
				C763B4CF2BCFFA7D0056F624 /* MainScreenViewModel.swift in Sources */,
				C7E691282BD5CF4200463276 /* ThemeEnum.swift in Sources */,
				C70E97142BCEF2D600563D8B /* SettingsView.swift in Sources */,
				C763B4CD2BCFFA240056F624 /* MainScreenModel.swift in Sources */,
				C70E97192BCEF6DE00563D8B /* MainScreenView.swift in Sources */,
				C70E971B2BCEF99100563D8B /* AppView.swift in Sources */,
				C76AD3D82BD1B2C7001A0059 /* SettingsViewModel.swift in Sources */,
				C7E6911B2BD25E8600463276 /* DataManager.swift in Sources */,
				C70E97032BCEE54900563D8B /* ContentView.swift in Sources */,
				C70E97012BCEE54900563D8B /* TrySpeedTestApp.swift in Sources */,
				C7E691222BD28AA400463276 /* TrySpeedTestDataModel.xcdatamodeld in Sources */,
			);
			runOnlyForDeploymentPostprocessing = 0;
		};
/* End PBXSourcesBuildPhase section */

/* Begin XCBuildConfiguration section */
		C70E970E2BCEE54D00563D8B /* Debug */ = {
			isa = XCBuildConfiguration;
			buildSettings = {
				ALWAYS_SEARCH_USER_PATHS = NO;
				ASSETCATALOG_COMPILER_GENERATE_SWIFT_ASSET_SYMBOL_EXTENSIONS = YES;
				CLANG_ANALYZER_NONNULL = YES;
				CLANG_ANALYZER_NUMBER_OBJECT_CONVERSION = YES_AGGRESSIVE;
				CLANG_CXX_LANGUAGE_STANDARD = "gnu++20";
				CLANG_ENABLE_MODULES = YES;
				CLANG_ENABLE_OBJC_ARC = YES;
				CLANG_ENABLE_OBJC_WEAK = YES;
				CLANG_WARN_BLOCK_CAPTURE_AUTORELEASING = YES;
				CLANG_WARN_BOOL_CONVERSION = YES;
				CLANG_WARN_COMMA = YES;
				CLANG_WARN_CONSTANT_CONVERSION = YES;
				CLANG_WARN_DEPRECATED_OBJC_IMPLEMENTATIONS = YES;
				CLANG_WARN_DIRECT_OBJC_ISA_USAGE = YES_ERROR;
				CLANG_WARN_DOCUMENTATION_COMMENTS = YES;
				CLANG_WARN_EMPTY_BODY = YES;
				CLANG_WARN_ENUM_CONVERSION = YES;
				CLANG_WARN_INFINITE_RECURSION = YES;
				CLANG_WARN_INT_CONVERSION = YES;
				CLANG_WARN_NON_LITERAL_NULL_CONVERSION = YES;
				CLANG_WARN_OBJC_IMPLICIT_RETAIN_SELF = YES;
				CLANG_WARN_OBJC_LITERAL_CONVERSION = YES;
				CLANG_WARN_OBJC_ROOT_CLASS = YES_ERROR;
				CLANG_WARN_QUOTED_INCLUDE_IN_FRAMEWORK_HEADER = YES;
				CLANG_WARN_RANGE_LOOP_ANALYSIS = YES;
				CLANG_WARN_STRICT_PROTOTYPES = YES;
				CLANG_WARN_SUSPICIOUS_MOVE = YES;
				CLANG_WARN_UNGUARDED_AVAILABILITY = YES_AGGRESSIVE;
				CLANG_WARN_UNREACHABLE_CODE = YES;
				CLANG_WARN__DUPLICATE_METHOD_MATCH = YES;
				COPY_PHASE_STRIP = NO;
				DEBUG_INFORMATION_FORMAT = dwarf;
				ENABLE_STRICT_OBJC_MSGSEND = YES;
				ENABLE_TESTABILITY = YES;
				ENABLE_USER_SCRIPT_SANDBOXING = YES;
				GCC_C_LANGUAGE_STANDARD = gnu17;
				GCC_DYNAMIC_NO_PIC = NO;
				GCC_NO_COMMON_BLOCKS = YES;
				GCC_OPTIMIZATION_LEVEL = 0;
				GCC_PREPROCESSOR_DEFINITIONS = (
					"DEBUG=1",
					"$(inherited)",
				);
				GCC_WARN_64_TO_32_BIT_CONVERSION = YES;
				GCC_WARN_ABOUT_RETURN_TYPE = YES_ERROR;
				GCC_WARN_UNDECLARED_SELECTOR = YES;
				GCC_WARN_UNINITIALIZED_AUTOS = YES_AGGRESSIVE;
				GCC_WARN_UNUSED_FUNCTION = YES;
				GCC_WARN_UNUSED_VARIABLE = YES;
				IPHONEOS_DEPLOYMENT_TARGET = 17.0;
				LOCALIZATION_PREFERS_STRING_CATALOGS = YES;
				MTL_ENABLE_DEBUG_INFO = INCLUDE_SOURCE;
				MTL_FAST_MATH = YES;
				ONLY_ACTIVE_ARCH = YES;
				SDKROOT = iphoneos;
				SWIFT_ACTIVE_COMPILATION_CONDITIONS = "DEBUG $(inherited)";
				SWIFT_OPTIMIZATION_LEVEL = "-Onone";
			};
			name = Debug;
		};
		C70E970F2BCEE54D00563D8B /* Release */ = {
			isa = XCBuildConfiguration;
			buildSettings = {
				ALWAYS_SEARCH_USER_PATHS = NO;
				ASSETCATALOG_COMPILER_GENERATE_SWIFT_ASSET_SYMBOL_EXTENSIONS = YES;
				CLANG_ANALYZER_NONNULL = YES;
				CLANG_ANALYZER_NUMBER_OBJECT_CONVERSION = YES_AGGRESSIVE;
				CLANG_CXX_LANGUAGE_STANDARD = "gnu++20";
				CLANG_ENABLE_MODULES = YES;
				CLANG_ENABLE_OBJC_ARC = YES;
				CLANG_ENABLE_OBJC_WEAK = YES;
				CLANG_WARN_BLOCK_CAPTURE_AUTORELEASING = YES;
				CLANG_WARN_BOOL_CONVERSION = YES;
				CLANG_WARN_COMMA = YES;
				CLANG_WARN_CONSTANT_CONVERSION = YES;
				CLANG_WARN_DEPRECATED_OBJC_IMPLEMENTATIONS = YES;
				CLANG_WARN_DIRECT_OBJC_ISA_USAGE = YES_ERROR;
				CLANG_WARN_DOCUMENTATION_COMMENTS = YES;
				CLANG_WARN_EMPTY_BODY = YES;
				CLANG_WARN_ENUM_CONVERSION = YES;
				CLANG_WARN_INFINITE_RECURSION = YES;
				CLANG_WARN_INT_CONVERSION = YES;
				CLANG_WARN_NON_LITERAL_NULL_CONVERSION = YES;
				CLANG_WARN_OBJC_IMPLICIT_RETAIN_SELF = YES;
				CLANG_WARN_OBJC_LITERAL_CONVERSION = YES;
				CLANG_WARN_OBJC_ROOT_CLASS = YES_ERROR;
				CLANG_WARN_QUOTED_INCLUDE_IN_FRAMEWORK_HEADER = YES;
				CLANG_WARN_RANGE_LOOP_ANALYSIS = YES;
				CLANG_WARN_STRICT_PROTOTYPES = YES;
				CLANG_WARN_SUSPICIOUS_MOVE = YES;
				CLANG_WARN_UNGUARDED_AVAILABILITY = YES_AGGRESSIVE;
				CLANG_WARN_UNREACHABLE_CODE = YES;
				CLANG_WARN__DUPLICATE_METHOD_MATCH = YES;
				COPY_PHASE_STRIP = NO;
				DEBUG_INFORMATION_FORMAT = "dwarf-with-dsym";
				ENABLE_NS_ASSERTIONS = NO;
				ENABLE_STRICT_OBJC_MSGSEND = YES;
				ENABLE_USER_SCRIPT_SANDBOXING = YES;
				GCC_C_LANGUAGE_STANDARD = gnu17;
				GCC_NO_COMMON_BLOCKS = YES;
				GCC_WARN_64_TO_32_BIT_CONVERSION = YES;
				GCC_WARN_ABOUT_RETURN_TYPE = YES_ERROR;
				GCC_WARN_UNDECLARED_SELECTOR = YES;
				GCC_WARN_UNINITIALIZED_AUTOS = YES_AGGRESSIVE;
				GCC_WARN_UNUSED_FUNCTION = YES;
				GCC_WARN_UNUSED_VARIABLE = YES;
				IPHONEOS_DEPLOYMENT_TARGET = 17.0;
				LOCALIZATION_PREFERS_STRING_CATALOGS = YES;
				MTL_ENABLE_DEBUG_INFO = NO;
				MTL_FAST_MATH = YES;
				SDKROOT = iphoneos;
				SWIFT_COMPILATION_MODE = wholemodule;
				VALIDATE_PRODUCT = YES;
			};
			name = Release;
		};
		C70E97112BCEE54D00563D8B /* Debug */ = {
			isa = XCBuildConfiguration;
			buildSettings = {
				ASSETCATALOG_COMPILER_APPICON_NAME = AppIcon;
				ASSETCATALOG_COMPILER_GLOBAL_ACCENT_COLOR_NAME = AccentColor;
				CODE_SIGN_STYLE = Automatic;
				CURRENT_PROJECT_VERSION = 1;
				DEVELOPMENT_ASSET_PATHS = "\"TrySpeedTest/Preview Content\"";
				ENABLE_PREVIEWS = YES;
				GENERATE_INFOPLIST_FILE = YES;
				INFOPLIST_KEY_UIApplicationSceneManifest_Generation = YES;
				INFOPLIST_KEY_UIApplicationSupportsIndirectInputEvents = YES;
				INFOPLIST_KEY_UILaunchScreen_Generation = YES;
				INFOPLIST_KEY_UISupportedInterfaceOrientations = UIInterfaceOrientationPortrait;
				INFOPLIST_KEY_UISupportedInterfaceOrientations_iPad = "UIInterfaceOrientationLandscapeLeft UIInterfaceOrientationLandscapeRight UIInterfaceOrientationPortrait UIInterfaceOrientationPortraitUpsideDown";
				IPHONEOS_DEPLOYMENT_TARGET = 15.0;
				LD_RUNPATH_SEARCH_PATHS = (
					"$(inherited)",
					"@executable_path/Frameworks",
				);
				MARKETING_VERSION = 1.0;
				PRODUCT_BUNDLE_IDENTIFIER = "alex-sockolow.TrySpeedTest";
				PRODUCT_NAME = "$(TARGET_NAME)";
				SUPPORTED_PLATFORMS = "iphoneos iphonesimulator";
				SUPPORTS_MACCATALYST = NO;
				SUPPORTS_MAC_DESIGNED_FOR_IPHONE_IPAD = NO;
				SWIFT_EMIT_LOC_STRINGS = YES;
				SWIFT_VERSION = 5.0;
				TARGETED_DEVICE_FAMILY = 1;
			};
			name = Debug;
		};
		C70E97122BCEE54D00563D8B /* Release */ = {
			isa = XCBuildConfiguration;
			buildSettings = {
				ASSETCATALOG_COMPILER_APPICON_NAME = AppIcon;
				ASSETCATALOG_COMPILER_GLOBAL_ACCENT_COLOR_NAME = AccentColor;
				CODE_SIGN_STYLE = Automatic;
				CURRENT_PROJECT_VERSION = 1;
				DEVELOPMENT_ASSET_PATHS = "\"TrySpeedTest/Preview Content\"";
				ENABLE_PREVIEWS = YES;
				GENERATE_INFOPLIST_FILE = YES;
				INFOPLIST_KEY_UIApplicationSceneManifest_Generation = YES;
				INFOPLIST_KEY_UIApplicationSupportsIndirectInputEvents = YES;
				INFOPLIST_KEY_UILaunchScreen_Generation = YES;
				INFOPLIST_KEY_UISupportedInterfaceOrientations = UIInterfaceOrientationPortrait;
				INFOPLIST_KEY_UISupportedInterfaceOrientations_iPad = "UIInterfaceOrientationLandscapeLeft UIInterfaceOrientationLandscapeRight UIInterfaceOrientationPortrait UIInterfaceOrientationPortraitUpsideDown";
				IPHONEOS_DEPLOYMENT_TARGET = 15.0;
				LD_RUNPATH_SEARCH_PATHS = (
					"$(inherited)",
					"@executable_path/Frameworks",
				);
				MARKETING_VERSION = 1.0;
				PRODUCT_BUNDLE_IDENTIFIER = "alex-sockolow.TrySpeedTest";
				PRODUCT_NAME = "$(TARGET_NAME)";
				SUPPORTED_PLATFORMS = "iphoneos iphonesimulator";
				SUPPORTS_MACCATALYST = NO;
				SUPPORTS_MAC_DESIGNED_FOR_IPHONE_IPAD = NO;
				SWIFT_EMIT_LOC_STRINGS = YES;
				SWIFT_VERSION = 5.0;
				TARGETED_DEVICE_FAMILY = 1;
			};
			name = Release;
		};
/* End XCBuildConfiguration section */

/* Begin XCConfigurationList section */
		C70E96F82BCEE54900563D8B /* Build configuration list for PBXProject "TrySpeedTest" */ = {
			isa = XCConfigurationList;
			buildConfigurations = (
				C70E970E2BCEE54D00563D8B /* Debug */,
				C70E970F2BCEE54D00563D8B /* Release */,
			);
			defaultConfigurationIsVisible = 0;
			defaultConfigurationName = Release;
		};
		C70E97102BCEE54D00563D8B /* Build configuration list for PBXNativeTarget "TrySpeedTest" */ = {
			isa = XCConfigurationList;
			buildConfigurations = (
				C70E97112BCEE54D00563D8B /* Debug */,
				C70E97122BCEE54D00563D8B /* Release */,
			);
			defaultConfigurationIsVisible = 0;
			defaultConfigurationName = Release;
		};
/* End XCConfigurationList section */

/* Begin XCRemoteSwiftPackageReference section */
		C763B4C52BCFF8940056F624 /* XCRemoteSwiftPackageReference "Alamofire" */ = {
			isa = XCRemoteSwiftPackageReference;
			repositoryURL = "https://github.com/Alamofire/Alamofire.git";
			requirement = {
				branch = master;
				kind = branch;
			};
		};
/* End XCRemoteSwiftPackageReference section */

/* Begin XCSwiftPackageProductDependency section */
		C763B4C62BCFF8940056F624 /* Alamofire */ = {
			isa = XCSwiftPackageProductDependency;
			package = C763B4C52BCFF8940056F624 /* XCRemoteSwiftPackageReference "Alamofire" */;
			productName = Alamofire;
		};
		C763B4C82BCFF8940056F624 /* AlamofireDynamic */ = {
			isa = XCSwiftPackageProductDependency;
			package = C763B4C52BCFF8940056F624 /* XCRemoteSwiftPackageReference "Alamofire" */;
			productName = AlamofireDynamic;
		};
/* End XCSwiftPackageProductDependency section */

/* Begin XCVersionGroup section */
		C7E691202BD28AA400463276 /* TrySpeedTestDataModel.xcdatamodeld */ = {
			isa = XCVersionGroup;
			children = (
				C7E691212BD28AA400463276 /* TrySpeedTestDataModel.xcdatamodel */,
			);
			currentVersion = C7E691212BD28AA400463276 /* TrySpeedTestDataModel.xcdatamodel */;
			path = TrySpeedTestDataModel.xcdatamodeld;
			sourceTree = "<group>";
			versionGroupType = wrapper.xcdatamodel;
		};
/* End XCVersionGroup section */
	};
	rootObject = C70E96F52BCEE54900563D8B /* Project object */;
}
